
Microsoft Visual Studio Solution File, Format Version 12.00
Project("{2150E333-8FDC-42A3-9474-1A3956D46DE8}") = "common", "common", "{EAD1C517-3F6B-4718-AB54-0A3C779AA161}"
	ProjectSection(SolutionItems) = preProject
		readme.md = readme.md
	EndProjectSection
EndProject
Project("{2150E333-8FDC-42A3-9474-1A3956D46DE8}") = "src", "src", "{03138C34-775D-4D19-8785-6F820248FC8C}"
EndProject
Project("{FAE04EC0-301F-11D3-BF4B-00C04F79EFBC}") = "Api", "src\Api\Api.csproj", "{0790A0C9-DB13-47AD-A925-D71C27A69DA7}"
EndProject
Project("{FAE04EC0-301F-11D3-BF4B-00C04F79EFBC}") = "Domain", "src\Domain\Domain.csproj", "{C3D84C00-6C86-4E8B-AAE6-B3D50FED0023}"
EndProject
Project("{FAE04EC0-301F-11D3-BF4B-00C04F79EFBC}") = "Infrastructure", "src\Infrastructure\Infrastructure.csproj", "{2168541C-2459-4E82-8AF4-5CB4D8D47AAC}"
EndProject
Global
	GlobalSection(SolutionConfigurationPlatforms) = preSolution
		Debug|Any CPU = Debug|Any CPU
		Release|Any CPU = Release|Any CPU
	EndGlobalSection
	GlobalSection(NestedProjects) = preSolution
		{0790A0C9-DB13-47AD-A925-D71C27A69DA7} = {03138C34-775D-4D19-8785-6F820248FC8C}
		{C3D84C00-6C86-4E8B-AAE6-B3D50FED0023} = {03138C34-775D-4D19-8785-6F820248FC8C}
		{2168541C-2459-4E82-8AF4-5CB4D8D47AAC} = {03138C34-775D-4D19-8785-6F820248FC8C}
	EndGlobalSection
	GlobalSection(ProjectConfigurationPlatforms) = postSolution
		{0790A0C9-DB13-47AD-A925-D71C27A69DA7}.Debug|Any CPU.ActiveCfg = Debug|Any CPU
		{0790A0C9-DB13-47AD-A925-D71C27A69DA7}.Debug|Any CPU.Build.0 = Debug|Any CPU
		{0790A0C9-DB13-47AD-A925-D71C27A69DA7}.Release|Any CPU.ActiveCfg = Release|Any CPU
		{0790A0C9-DB13-47AD-A925-D71C27A69DA7}.Release|Any CPU.Build.0 = Release|Any CPU
		{C3D84C00-6C86-4E8B-AAE6-B3D50FED0023}.Debug|Any CPU.ActiveCfg = Debug|Any CPU
		{C3D84C00-6C86-4E8B-AAE6-B3D50FED0023}.Debug|Any CPU.Build.0 = Debug|Any CPU
		{C3D84C00-6C86-4E8B-AAE6-B3D50FED0023}.Release|Any CPU.ActiveCfg = Release|Any CPU
		{C3D84C00-6C86-4E8B-AAE6-B3D50FED0023}.Release|Any CPU.Build.0 = Release|Any CPU
		{2168541C-2459-4E82-8AF4-5CB4D8D47AAC}.Debug|Any CPU.ActiveCfg = Debug|Any CPU
		{2168541C-2459-4E82-8AF4-5CB4D8D47AAC}.Debug|Any CPU.Build.0 = Debug|Any CPU
		{2168541C-2459-4E82-8AF4-5CB4D8D47AAC}.Release|Any CPU.ActiveCfg = Release|Any CPU
		{2168541C-2459-4E82-8AF4-5CB4D8D47AAC}.Release|Any CPU.Build.0 = Release|Any CPU
	EndGlobalSection
EndGlobal
