
Microsoft Visual Studio Solution File, Format Version 12.00
Project("{2150E333-8FDC-42A3-9474-1A3956D46DE8}") = "common", "common", "{EAD1C517-3F6B-4718-AB54-0A3C779AA161}"
	ProjectSection(SolutionItems) = preProject
		readme.md = readme.md
	EndProjectSection
EndProject
Project("{2150E333-8FDC-42A3-9474-1A3956D46DE8}") = "src", "src", "{03138C34-775D-4D19-8785-6F820248FC8C}"
EndProject
Project("{FAE04EC0-301F-11D3-BF4B-00C04F79EFBC}") = "Api", "src\Api\Api.csproj", "{0790A0C9-DB13-47AD-A925-D71C27A69DA7}"
EndProject
Project("{FAE04EC0-301F-11D3-BF4B-00C04F79EFBC}") = "Dal", "src\Dal\Dal.csproj", "{A3B6EDBB-ED64-434B-9DDC-44125D66E86A}"
EndProject
Project("{FAE04EC0-301F-11D3-BF4B-00C04F79EFBC}") = "Bll", "src\Bll\Bll.csproj", "{74907A90-5AB4-4926-9E86-A6307DD73FF4}"
EndProject
Global
	GlobalSection(SolutionConfigurationPlatforms) = preSolution
		Debug|Any CPU = Debug|Any CPU
		Release|Any CPU = Release|Any CPU
	EndGlobalSection
	GlobalSection(NestedProjects) = preSolution
		{0790A0C9-DB13-47AD-A925-D71C27A69DA7} = {03138C34-775D-4D19-8785-6F820248FC8C}
		{A3B6EDBB-ED64-434B-9DDC-44125D66E86A} = {03138C34-775D-4D19-8785-6F820248FC8C}
		{74907A90-5AB4-4926-9E86-A6307DD73FF4} = {03138C34-775D-4D19-8785-6F820248FC8C}
	EndGlobalSection
	GlobalSection(ProjectConfigurationPlatforms) = postSolution
		{0790A0C9-DB13-47AD-A925-D71C27A69DA7}.Debug|Any CPU.ActiveCfg = Debug|Any CPU
		{0790A0C9-DB13-47AD-A925-D71C27A69DA7}.Debug|Any CPU.Build.0 = Debug|Any CPU
		{0790A0C9-DB13-47AD-A925-D71C27A69DA7}.Release|Any CPU.ActiveCfg = Release|Any CPU
		{0790A0C9-DB13-47AD-A925-D71C27A69DA7}.Release|Any CPU.Build.0 = Release|Any CPU
		{A3B6EDBB-ED64-434B-9DDC-44125D66E86A}.Debug|Any CPU.ActiveCfg = Debug|Any CPU
		{A3B6EDBB-ED64-434B-9DDC-44125D66E86A}.Debug|Any CPU.Build.0 = Debug|Any CPU
		{A3B6EDBB-ED64-434B-9DDC-44125D66E86A}.Release|Any CPU.ActiveCfg = Release|Any CPU
		{A3B6EDBB-ED64-434B-9DDC-44125D66E86A}.Release|Any CPU.Build.0 = Release|Any CPU
		{74907A90-5AB4-4926-9E86-A6307DD73FF4}.Debug|Any CPU.ActiveCfg = Debug|Any CPU
		{74907A90-5AB4-4926-9E86-A6307DD73FF4}.Debug|Any CPU.Build.0 = Debug|Any CPU
		{74907A90-5AB4-4926-9E86-A6307DD73FF4}.Release|Any CPU.ActiveCfg = Release|Any CPU
		{74907A90-5AB4-4926-9E86-A6307DD73FF4}.Release|Any CPU.Build.0 = Release|Any CPU
	EndGlobalSection
EndGlobal
